# This file is autogenerated, do not edit; changes may be undone by the next 'dep ensure'.


[[projects]]
  branch = "master"
  digest = "1:2d021c6d1e4acace056cf76247aab49cafd1599f90d7683a9df1a49ff1467da6"
  name = "github.com/go-redis/redis"
  packages = [
    ".",
    "internal",
    "internal/consistenthash",
    "internal/hashtag",
    "internal/pool",
    "internal/proto",
    "internal/singleflight",
    "internal/util",
  ]
  pruneopts = "UT"
  revision = "655336673b5549556800106e0dba86edc8a108c7"

[[projects]]
  branch = "master"
  digest = "1:b71eb6ea46bd52fc536b9b88ea26aa88d23d0af779b40515433643ecd9c5940b"
  name = "github.com/redis-go/redcon"
  packages = ["."]
  pruneopts = "UT"
  revision = "56b016127ae730019c5e3073a413ad9526440c38"

[solve-meta]
  analyzer-name = "dep"
  analyzer-version = 1
  input-imports = [
    "github.com/go-redis/redis",
    "github.com/redis-go/redcon",
  ]
  solver-name = "gps-cdcl"
  solver-version = 1
