# This file is autogenerated, do not edit; changes may be undone by the next 'dep ensure'.


[[projects]]
  digest = "1:94836e6196fd3150edd474bde9afeeea27e7d51700cd3f3d44bb859b1951e998"
  name = "github.com/go-redis/redis"
  packages = [
    ".",
    "internal",
    "internal/consistenthash",
    "internal/hashtag",
    "internal/pool",
    "internal/proto",
    "internal/singleflight",
    "internal/util",
  ]
  pruneopts = "UT"
  revision = "480db94d33e6088e08d628833b6c0705451d24bb"
  version = "v6.13.2"

[[projects]]
  branch = "master"
  digest = "1:b71eb6ea46bd52fc536b9b88ea26aa88d23d0af779b40515433643ecd9c5940b"
  name = "github.com/tidwall/redcon"
  packages = ["."]
  pruneopts = "UT"
  revision = "56b016127ae730019c5e3073a413ad9526440c38"

[solve-meta]
  analyzer-name = "dep"
  analyzer-version = 1
  input-imports = [
    "github.com/go-redis/redis",
    "github.com/tidwall/redcon",
  ]
  solver-name = "gps-cdcl"
  solver-version = 1
